// !$*UTF8*$!
{
	archiveVersion = 1;
	classes = {
	};
	objectVersion = 46;
	objects = {

/* Begin PBXBuildFile section */
		BC8019671E460D890082402C /* AppDelegate.swift in Sources */ = {isa = PBXBuildFile; fileRef = BC8019661E460D890082402C /* AppDelegate.swift */; };
		BC8019691E460D890082402C /* ViewController.swift in Sources */ = {isa = PBXBuildFile; fileRef = BC8019681E460D890082402C /* ViewController.swift */; };
		BC80196C1E460D890082402C /* Main.storyboard in Resources */ = {isa = PBXBuildFile; fileRef = BC80196A1E460D890082402C /* Main.storyboard */; };
		BC80196E1E460D890082402C /* Assets.xcassets in Resources */ = {isa = PBXBuildFile; fileRef = BC80196D1E460D890082402C /* Assets.xcassets */; };
		BC8019711E460D890082402C /* LaunchScreen.storyboard in Resources */ = {isa = PBXBuildFile; fileRef = BC80196F1E460D890082402C /* LaunchScreen.storyboard */; };
/* End PBXBuildFile section */

/* Begin PBXFileReference section */
		BC8019631E460D890082402C /* Concurrency Starter.app */ = {isa = PBXFileReference; explicitFileType = wrapper.application; includeInIndex = 0; path = "Concurrency Starter.app"; sourceTree = BUILT_PRODUCTS_DIR; };
		BC8019661E460D890082402C /* AppDelegate.swift */ = {isa = PBXFileReference; lastKnownFileType = sourcecode.swift; path = AppDelegate.swift; sourceTree = "<group>"; };
		BC8019681E460D890082402C /* ViewController.swift */ = {isa = PBXFileReference; lastKnownFileType = sourcecode.swift; path = ViewController.swift; sourceTree = "<group>"; };
		BC80196B1E460D890082402C /* Base */ = {isa = PBXFileReference; lastKnownFileType = file.storyboard; name = Base; path = Base.lproj/Main.storyboard; sourceTree = "<group>"; };
		BC80196D1E460D890082402C /* Assets.xcassets */ = {isa = PBXFileReference; lastKnownFileType = folder.assetcatalog; path = Assets.xcassets; sourceTree = "<group>"; };
		BC8019701E460D890082402C /* Base */ = {isa = PBXFileReference; lastKnownFileType = file.storyboard; name = Base; path = Base.lproj/LaunchScreen.storyboard; sourceTree = "<group>"; };
		BC8019721E460D890082402C /* Info.plist */ = {isa = PBXFileReference; lastKnownFileType = text.plist.xml; path = Info.plist; sourceTree = "<group>"; };
/* End PBXFileReference section */

/* Begin PBXFrameworksBuildPhase section */
		BC8019601E460D890082402C /* Frameworks */ = {
			isa = PBXFrameworksBuildPhase;
			buildActionMask = 2147483647;
			files = (
			);
			runOnlyForDeploymentPostprocessing = 0;
		};
/* End PBXFrameworksBuildPhase section */

/* Begin PBXGroup section */
		BC80195A1E460D890082402C = {
			isa = PBXGroup;
			children = (
				BC8019651E460D890082402C /* Concurrency Starter */,
				BC8019641E460D890082402C /* Products */,
			);
			sourceTree = "<group>";
		};
		BC8019641E460D890082402C /* Products */ = {
			isa = PBXGroup;
			children = (
				BC8019631E460D890082402C /* Concurrency Starter.app */,
			);
			name = Products;
			sourceTree = "<group>";
		};
		BC8019651E460D890082402C /* Concurrency Starter */ = {
			isa = PBXGroup;
			children = (
				BC8019661E460D890082402C /* AppDelegate.swift */,
				BC8019681E460D890082402C /* ViewController.swift */,
				BC80196A1E460D890082402C /* Main.storyboard */,
				BC80196D1E460D890082402C /* Assets.xcassets */,
				BC80196F1E460D890082402C /* LaunchScreen.storyboard */,
				BC8019721E460D890082402C /* Info.plist */,
			);
			path = "Concurrency Starter";
			sourceTree = "<group>";
		};
/* End PBXGroup section */

/* Begin PBXNativeTarget section */
		BC8019621E460D890082402C /* Concurrency Starter */ = {
			isa = PBXNativeTarget;
			buildConfigurationList = BC8019751E460D890082402C /* Build configuration list for PBXNativeTarget "Concurrency Starter" */;
			buildPhases = (
				BC80195F1E460D890082402C /* Sources */,
				BC8019601E460D890082402C /* Frameworks */,
				BC8019611E460D890082402C /* Resources */,
			);
			buildRules = (
			);
			dependencies = (
			);
			name = "Concurrency Starter";
			productName = "Concurrency Starter";
			productReference = BC8019631E460D890082402C /* Concurrency Starter.app */;
			productType = "com.apple.product-type.application";
		};
/* End PBXNativeTarget section */

/* Begin PBXProject section */
		BC80195B1E460D890082402C /* Project object */ = {
			isa = PBXProject;
			attributes = {
				LastSwiftUpdateCheck = 0820;
				LastUpgradeCheck = 0820;
				ORGANIZATIONNAME = "microIT Infrastructure, LLC";
				TargetAttributes = {
					BC8019621E460D890082402C = {
						CreatedOnToolsVersion = 8.2.1;
						DevelopmentTeam = DEZ9GH9THT;
						ProvisioningStyle = Automatic;
					};
				};
			};
			buildConfigurationList = BC80195E1E460D890082402C /* Build configuration list for PBXProject "Concurrency Starter" */;
			compatibilityVersion = "Xcode 3.2";
			developmentRegion = English;
			hasScannedForEncodings = 0;
			knownRegions = (
				en,
				Base,
			);
			mainGroup = BC80195A1E460D890082402C;
			productRefGroup = BC8019641E460D890082402C /* Products */;
			projectDirPath = "";
			projectRoot = "";
			targets = (
				BC8019621E460D890082402C /* Concurrency Starter */,
			);
		};
/* End PBXProject section */

/* Begin PBXResourcesBuildPhase section */
		BC8019611E460D890082402C /* Resources */ = {
			isa = PBXResourcesBuildPhase;
			buildActionMask = 2147483647;
			files = (
				BC8019711E460D890082402C /* LaunchScreen.storyboard in Resources */,
				BC80196E1E460D890082402C /* Assets.xcassets in Resources */,
				BC80196C1E460D890082402C /* Main.storyboard in Resources */,
			);
			runOnlyForDeploymentPostprocessing = 0;
		};
/* End PBXResourcesBuildPhase section */

/* Begin PBXSourcesBuildPhase section */
		BC80195F1E460D890082402C /* Sources */ = {
			isa = PBXSourcesBuildPhase;
			buildActionMask = 2147483647;
			files = (
				BC8019691E460D890082402C /* ViewController.swift in Sources */,
				BC8019671E460D890082402C /* AppDelegate.swift in Sources */,
			);
			runOnlyForDeploymentPostprocessing = 0;
		};
/* End PBXSourcesBuildPhase section */

/* Begin PBXVariantGroup section */
		BC80196A1E460D890082402C /* Main.storyboard */ = {
			isa = PBXVariantGroup;
			children = (
				BC80196B1E460D890082402C /* Base */,
			);
			name = Main.storyboard;
			sourceTree = "<group>";
		};
		BC80196F1E460D890082402C /* LaunchScreen.storyboard */ = {
			isa = PBXVariantGroup;
			children = (
				BC8019701E460D890082402C /* Base */,
			);
			name = LaunchScreen.storyboard;
			sourceTree = "<group>";
		};
/* End PBXVariantGroup section */

/* Begin XCBuildConfiguration section */
		BC8019731E460D890082402C /* Debug */ = {
			isa = XCBuildConfiguration;
			buildSettings = {
				ALWAYS_SEARCH_USER_PATHS = NO;
				CLANG_ANALYZER_NONNULL = YES;
				CLANG_CXX_LANGUAGE_STANDARD = "gnu++0x";
				CLANG_CXX_LIBRARY = "libc++";
				CLANG_ENABLE_MODULES = YES;
				CLANG_ENABLE_OBJC_ARC = YES;
				CLANG_WARN_BOOL_CONVERSION = YES;
				CLANG_WARN_CONSTANT_CONVERSION = YES;
				CLANG_WARN_DIRECT_OBJC_ISA_USAGE = YES_ERROR;
				CLANG_WARN_DOCUMENTATION_COMMENTS = YES;
				CLANG_WARN_EMPTY_BODY = YES;
				CLANG_WARN_ENUM_CONVERSION = YES;
				CLANG_WARN_INFINITE_RECURSION = YES;
				CLANG_WARN_INT_CONVERSION = YES;
				CLANG_WARN_OBJC_ROOT_CLASS = YES_ERROR;
				CLANG_WARN_SUSPICIOUS_MOVE = YES;
				CLANG_WARN_UNREACHABLE_CODE = YES;
				CLANG_WARN__DUPLICATE_METHOD_MATCH = YES;
				"CODE_SIGN_IDENTITY[sdk=iphoneos*]" = "iPhone Developer";
				COPY_PHASE_STRIP = NO;
				DEBUG_INFORMATION_FORMAT = dwarf;
				ENABLE_STRICT_OBJC_MSGSEND = YES;
				ENABLE_TESTABILITY = YES;
				GCC_C_LANGUAGE_STANDARD = gnu99;
				GCC_DYNAMIC_NO_PIC = NO;
				GCC_NO_COMMON_BLOCKS = YES;
				GCC_OPTIMIZATION_LEVEL = 0;
				GCC_PREPROCESSOR_DEFINITIONS = (
					"DEBUG=1",
					"$(inherited)",
				);
				GCC_WARN_64_TO_32_BIT_CONVERSION = YES;
				GCC_WARN_ABOUT_RETURN_TYPE = YES_ERROR;
				GCC_WARN_UNDECLARED_SELECTOR = YES;
				GCC_WARN_UNINITIALIZED_AUTOS = YES_AGGRESSIVE;
				GCC_WARN_UNUSED_FUNCTION = YES;
				GCC_WARN_UNUSED_VARIABLE = YES;
				IPHONEOS_DEPLOYMENT_TARGET = 10.2;
				MTL_ENABLE_DEBUG_INFO = YES;
				ONLY_ACTIVE_ARCH = YES;
				SDKROOT = iphoneos;
				SWIFT_ACTIVE_COMPILATION_CONDITIONS = DEBUG;
				SWIFT_OPTIMIZATION_LEVEL = "-Onone";
				TARGETED_DEVICE_FAMILY = "1,2";
			};
			name = Debug;
		};
		BC8019741E460D890082402C /* Release */ = {
			isa = XCBuildConfiguration;
			buildSettings = {
				ALWAYS_SEARCH_USER_PATHS = NO;
				CLANG_ANALYZER_NONNULL = YES;
				CLANG_CXX_LANGUAGE_STANDARD = "gnu++0x";
				CLANG_CXX_LIBRARY = "libc++";
				CLANG_ENABLE_MODULES = YES;
				CLANG_ENABLE_OBJC_ARC = YES;
				CLANG_WARN_BOOL_CONVERSION = YES;
				CLANG_WARN_CONSTANT_CONVERSION = YES;
				CLANG_WARN_DIRECT_OBJC_ISA_USAGE = YES_ERROR;
				CLANG_WARN_DOCUMENTATION_COMMENTS = YES;
				CLANG_WARN_EMPTY_BODY = YES;
				CLANG_WARN_ENUM_CONVERSION = YES;
				CLANG_WARN_INFINITE_RECURSION = YES;
				CLANG_WARN_INT_CONVERSION = YES;
				CLANG_WARN_OBJC_ROOT_CLASS = YES_ERROR;
				CLANG_WARN_SUSPICIOUS_MOVE = YES;
				CLANG_WARN_UNREACHABLE_CODE = YES;
				CLANG_WARN__DUPLICATE_METHOD_MATCH = YES;
				"CODE_SIGN_IDENTITY[sdk=iphoneos*]" = "iPhone Developer";
				COPY_PHASE_STRIP = NO;
				DEBUG_INFORMATION_FORMAT = "dwarf-with-dsym";
				ENABLE_NS_ASSERTIONS = NO;
				ENABLE_STRICT_OBJC_MSGSEND = YES;
				GCC_C_LANGUAGE_STANDARD = gnu99;
				GCC_NO_COMMON_BLOCKS = YES;
				GCC_WARN_64_TO_32_BIT_CONVERSION = YES;
				GCC_WARN_ABOUT_RETURN_TYPE = YES_ERROR;
				GCC_WARN_UNDECLARED_SELECTOR = YES;
				GCC_WARN_UNINITIALIZED_AUTOS = YES_AGGRESSIVE;
				GCC_WARN_UNUSED_FUNCTION = YES;
				GCC_WARN_UNUSED_VARIABLE = YES;
				IPHONEOS_DEPLOYMENT_TARGET = 10.2;
				MTL_ENABLE_DEBUG_INFO = NO;
				SDKROOT = iphoneos;
				SWIFT_OPTIMIZATION_LEVEL = "-Owholemodule";
				TARGETED_DEVICE_FAMILY = "1,2";
				VALIDATE_PRODUCT = YES;
			};
			name = Release;
		};
		BC8019761E460D890082402C /* Debug */ = {
			isa = XCBuildConfiguration;
			buildSettings = {
				ASSETCATALOG_COMPILER_APPICON_NAME = AppIcon;
				DEVELOPMENT_TEAM = DEZ9GH9THT;
				INFOPLIST_FILE = "Concurrency Starter/Info.plist";
				LD_RUNPATH_SEARCH_PATHS = "$(inherited) @executable_path/Frameworks";
				PRODUCT_BUNDLE_IDENTIFIER = "com.yourDomainNameHere.Concurrency-Starter";
				PRODUCT_NAME = "$(TARGET_NAME)";
				SWIFT_VERSION = 3.0;
			};
			name = Debug;
		};
		BC8019771E460D890082402C /* Release */ = {
			isa = XCBuildConfiguration;
			buildSettings = {
				ASSETCATALOG_COMPILER_APPICON_NAME = AppIcon;
				DEVELOPMENT_TEAM = DEZ9GH9THT;
				INFOPLIST_FILE = "Concurrency Starter/Info.plist";
				LD_RUNPATH_SEARCH_PATHS = "$(inherited) @executable_path/Frameworks";
				PRODUCT_BUNDLE_IDENTIFIER = "com.yourDomainNameHere.Concurrency-Starter";
				PRODUCT_NAME = "$(TARGET_NAME)";
				SWIFT_VERSION = 3.0;
			};
			name = Release;
		};
/* End XCBuildConfiguration section */

/* Begin XCConfigurationList section */
		BC80195E1E460D890082402C /* Build configuration list for PBXProject "Concurrency Starter" */ = {
			isa = XCConfigurationList;
			buildConfigurations = (
				BC8019731E460D890082402C /* Debug */,
				BC8019741E460D890082402C /* Release */,
			);
			defaultConfigurationIsVisible = 0;
			defaultConfigurationName = Release;
		};
		BC8019751E460D890082402C /* Build configuration list for PBXNativeTarget "Concurrency Starter" */ = {
			isa = XCConfigurationList;
			buildConfigurations = (
				BC8019761E460D890082402C /* Debug */,
				BC8019771E460D890082402C /* Release */,
			);
			defaultConfigurationIsVisible = 0;
			defaultConfigurationName = Release;
		};
/* End XCConfigurationList section */
	};
	rootObject = BC80195B1E460D890082402C /* Project object */;
}
